{
  "nodes": {
    "atomic-vim": {
      "inputs": {
        "dix": "dix",
        "false": "false",
        "flake-compat": "flake-compat",
        "flake-parts": "flake-parts",
        "nixpkgs": "nixpkgs",
        "nvf": "nvf"
      },
      "locked": {
        "lastModified": 1754441547,
        "narHash": "sha256-Egt6u2iVM3coh57p0b2hnQTSBXMKKPLwb9ebS5KuCpE=",
        "ref": "refs/heads/main",
        "rev": "f0c9c8ba15628f5f5986a688714f4a68691ebb77",
        "revCount": 36,
        "type": "git",
        "url": "https://codeberg.org/midischwarz12/atomic-vim"
      },
      "original": {
        "type": "git",
        "url": "https://codeberg.org/midischwarz12/atomic-vim"
      }
    },
    "dix": {
      "inputs": {
        "fenix": "fenix",
        "nixpkgs": [
          "atomic-vim",
          "nixpkgs"
        ],
        "systems": "systems"
      },
      "locked": {
        "lastModified": 1753646251,
        "narHash": "sha256-Gq5Nr6xVGpAf1XnYrmoeyvqVgffAi8R6QETJU3xv22M=",
        "owner": "faukah",
        "repo": "dix",
        "rev": "28ba934ac190e637d520ff3055f786077729638e",
        "type": "github"
      },
      "original": {
        "owner": "faukah",
        "repo": "dix",
        "type": "github"
      }
    },
    "false": {
      "locked": {
        "lastModified": 1657739266,
        "narHash": "sha256-vLy8GQr0noEcoA+jX24FgUVBA/poV36zDWAUChN3hIY=",
        "owner": "boolean-option",
        "repo": "false",
        "rev": "d06b4794a134686c70a1325df88a6e6768c6b212",
        "type": "github"
      },
      "original": {
        "owner": "boolean-option",
        "repo": "false",
        "type": "github"
      }
    },
    "fenix": {
      "inputs": {
        "nixpkgs": [
          "atomic-vim",
          "dix",
          "nixpkgs"
        ],
        "rust-analyzer-src": "rust-analyzer-src"
      },
      "locked": {
        "lastModified": 1746858783,
        "narHash": "sha256-oLrH70QIWB/KpaI+nztyP1hG4zAEEpMiNk6sA8QLQ/8=",
        "owner": "nix-community",
        "repo": "fenix",
        "rev": "4e3cd098060cca21f2a213ce8c086948df946940",
        "type": "github"
      },
      "original": {
        "owner": "nix-community",
        "repo": "fenix",
        "type": "github"
      }
    },
    "flake-compat": {
      "locked": {
        "lastModified": 1733328505,
        "narHash": "sha256-NeCCThCEP3eCl2l/+27kNNK7QrwZB1IJCrXfrbv5oqU=",
        "rev": "ff81ac966bb2cae68946d5ed5fc4994f96d0ffec",
        "revCount": 69,
        "type": "tarball",
        "url": "https://api.flakehub.com/f/pinned/edolstra/flake-compat/1.1.0/01948eb7-9cba-704f-bbf3-3fa956735b52/source.tar.gz"
      },
      "original": {
        "type": "tarball",
        "url": "https://flakehub.com/f/edolstra/flake-compat/1.tar.gz"
      }
    },
    "flake-parts": {
      "inputs": {
        "nixpkgs-lib": "nixpkgs-lib"
      },
      "locked": {
        "lastModified": 1751413152,
        "narHash": "sha256-Tyw1RjYEsp5scoigs1384gIg6e0GoBVjms4aXFfRssQ=",
        "owner": "hercules-ci",
        "repo": "flake-parts",
        "rev": "77826244401ea9de6e3bac47c2db46005e1f30b5",
        "type": "github"
      },
      "original": {
        "owner": "hercules-ci",
        "repo": "flake-parts",
        "type": "github"
      }
    },
    "mnw": {
      "locked": {
        "lastModified": 1748710831,
        "narHash": "sha256-eZu2yH3Y2eA9DD3naKWy/sTxYS5rPK2hO7vj8tvUCSU=",
        "owner": "Gerg-L",
        "repo": "mnw",
        "rev": "cff958a4e050f8d917a6ff3a5624bc4681c6187d",
        "type": "github"
      },
      "original": {
        "owner": "Gerg-L",
        "repo": "mnw",
        "type": "github"
      }
    },
    "nixpkgs": {
      "locked": {
        "lastModified": 315532800,
        "narHash": "sha256-5EzvWAMTAf6m6Ynab7EnYz9OfJO2wHCb/yhtP8ACQQQ=",
        "rev": "9b008d60392981ad674e04016d25619281550a9d",
        "type": "tarball",
        "url": "https://releases.nixos.org/nixpkgs/nixpkgs-25.11pre826760.9b008d603929/nixexprs.tar.xz"
      },
      "original": {
        "type": "tarball",
        "url": "https://channels.nixos.org/nixpkgs-unstable/nixexprs.tar.xz"
      }
    },
    "nixpkgs-lib": {
      "locked": {
        "lastModified": 1751159883,
        "narHash": "sha256-urW/Ylk9FIfvXfliA1ywh75yszAbiTEVgpPeinFyVZo=",
        "owner": "nix-community",
        "repo": "nixpkgs.lib",
        "rev": "14a40a1d7fb9afa4739275ac642ed7301a9ba1ab",
        "type": "github"
      },
      "original": {
        "owner": "nix-community",
        "repo": "nixpkgs.lib",
        "type": "github"
      }
    },
    "nixpkgs-unstable": {
      "locked": {
        "lastModified": 1754301527,
        "narHash": "sha256-aQkSA88MqKgFpa0jfjlOG7BNkdYda/3bhgAyLeCVlcM=",
        "rev": "5b09dc45f24cf32316283e62aec81ffee3c3e376",
        "type": "tarball",
        "url": "https://releases.nixos.org/nixos/unstable/nixos-25.11pre838708.5b09dc45f24c/nixexprs.tar.xz"
      },
      "original": {
        "type": "tarball",
        "url": "https://channels.nixos.org/nixos-unstable/nixexprs.tar.xz"
      }
    },
    "nixpkgs_2": {
      "locked": {
        "lastModified": 1754336651,
        "narHash": "sha256-2dza0z/JSa9hZNJ5eNSxnk8ob7bI0TxJNVgo8fh7CWA=",
        "rev": "ce01daebf8489ba97bd1609d185ea276efdeb121",
        "type": "tarball",
        "url": "https://releases.nixos.org/nixos/25.05/nixos-25.05.807449.ce01daebf848/nixexprs.tar.xz"
      },
      "original": {
        "type": "tarball",
        "url": "https://channels.nixos.org/nixos-25.05/nixexprs.tar.xz"
      }
    },
    "nvf": {
      "inputs": {
        "flake-parts": [
          "atomic-vim",
          "flake-parts"
        ],
        "flake-utils": [
          "atomic-vim",
          "false"
        ],
        "mnw": "mnw",
        "nixpkgs": [
          "atomic-vim",
          "nixpkgs"
        ],
        "systems": "systems_2"
      },
      "locked": {
        "lastModified": 1752001027,
        "narHash": "sha256-JgP8lW4QBr9v/U4ETaIOMvGCd/DAA1AjZ1lqjIwfWno=",
        "owner": "NotAShelf",
        "repo": "nvf",
        "rev": "c4d80273aaefeadaad96db97d077c647942b0e96",
        "type": "github"
      },
      "original": {
        "owner": "NotAShelf",
        "repo": "nvf",
        "type": "github"
      }
    },
    "root": {
      "inputs": {
        "atomic-vim": "atomic-vim",
        "nixpkgs": "nixpkgs_2",
        "nixpkgs-unstable": "nixpkgs-unstable"
      }
    },
    "rust-analyzer-src": {
      "flake": false,
      "locked": {
        "lastModified": 1746722075,
        "narHash": "sha256-t4ZntWiW4C3lE621lV3XyK3KltC5/SW1V9G+CSz70rQ=",
        "owner": "rust-lang",
        "repo": "rust-analyzer",
        "rev": "8b624868e4ce2cb5b39559175f0978bee86bdeea",
        "type": "github"
      },
      "original": {
        "owner": "rust-lang",
        "ref": "nightly",
        "repo": "rust-analyzer",
        "type": "github"
      }
    },
    "systems": {
      "locked": {
        "lastModified": 1681028828,
        "narHash": "sha256-Vy1rq5AaRuLzOxct8nz4T6wlgyUR7zLU309k9mBC768=",
        "owner": "nix-systems",
        "repo": "default",
        "rev": "da67096a3b9bf56a91d16901293e51ba5b49a27e",
        "type": "github"
      },
      "original": {
        "owner": "nix-systems",
        "repo": "default",
        "type": "github"
      }
    },
    "systems_2": {
      "locked": {
        "lastModified": 1681028828,
        "narHash": "sha256-Vy1rq5AaRuLzOxct8nz4T6wlgyUR7zLU309k9mBC768=",
        "owner": "nix-systems",
        "repo": "default",
        "rev": "da67096a3b9bf56a91d16901293e51ba5b49a27e",
        "type": "github"
      },
      "original": {
        "owner": "nix-systems",
        "repo": "default",
        "type": "github"
      }
    }
  },
  "root": "root",
  "version": 7
}
